// !$*UTF8*$!
{
	archiveVersion = 1;
	classes = {
	};
	objectVersion = 50;
	objects = {

/* Begin PBXBuildFile section */
		CE391515214609D70019DD5B /* AppDelegate.m in Sources */ = {isa = PBXBuildFile; fileRef = CE391514214609D70019DD5B /* AppDelegate.m */; };
		CE391518214609D70019DD5B /* ViewController.m in Sources */ = {isa = PBXBuildFile; fileRef = CE391517214609D70019DD5B /* ViewController.m */; };
		CE39151D214609D90019DD5B /* Assets.xcassets in Resources */ = {isa = PBXBuildFile; fileRef = CE39151C214609D90019DD5B /* Assets.xcassets */; };
		CE391520214609D90019DD5B /* LaunchScreen.storyboard in Resources */ = {isa = PBXBuildFile; fileRef = CE39151E214609D90019DD5B /* LaunchScreen.storyboard */; };
		CE391523214609D90019DD5B /* main.m in Sources */ = {isa = PBXBuildFile; fileRef = CE391522214609D90019DD5B /* main.m */; };
		CE391531214610060019DD5B /* AnimalTableViewController.m in Sources */ = {isa = PBXBuildFile; fileRef = CE391530214610060019DD5B /* AnimalTableViewController.m */; };
		CE391534214610310019DD5B /* AnimalCell.m in Sources */ = {isa = PBXBuildFile; fileRef = CE391533214610310019DD5B /* AnimalCell.m */; };
		CE391537214610590019DD5B /* AnimalModel.m in Sources */ = {isa = PBXBuildFile; fileRef = CE391536214610590019DD5B /* AnimalModel.m */; };
		CE39153D214619A00019DD5B /* AnimalEntity.m in Sources */ = {isa = PBXBuildFile; fileRef = CE39153C214619A00019DD5B /* AnimalEntity.m */; };
		CE8286FA214904B2008F11CD /* MAnimalCell.m in Sources */ = {isa = PBXBuildFile; fileRef = CE8286F9214904B2008F11CD /* MAnimalCell.m */; };
		CE8286FD21490506008F11CD /* MAnimalsViewModel.m in Sources */ = {isa = PBXBuildFile; fileRef = CE8286FC21490506008F11CD /* MAnimalsViewModel.m */; };
		CE82870021490527008F11CD /* MAnimalsModel.m in Sources */ = {isa = PBXBuildFile; fileRef = CE8286FF21490527008F11CD /* MAnimalsModel.m */; };
		CE828706214909AD008F11CD /* MAnimalsViewController.m in Sources */ = {isa = PBXBuildFile; fileRef = CE828705214909AD008F11CD /* MAnimalsViewController.m */; };
		CE828709214909DE008F11CD /* MAnimalTableView.m in Sources */ = {isa = PBXBuildFile; fileRef = CE828708214909DE008F11CD /* MAnimalTableView.m */; };
		CE828713214A13E5008F11CD /* jsonString.json in Resources */ = {isa = PBXBuildFile; fileRef = CE828712214A13E5008F11CD /* jsonString.json */; };
		CE828719214B9C96008F11CD /* animal.json in Resources */ = {isa = PBXBuildFile; fileRef = CE828718214B9C96008F11CD /* animal.json */; };
		CE95C07D247CCCB10055EA54 /* MAnimalViewModel.m in Sources */ = {isa = PBXBuildFile; fileRef = CE95C07C247CCCB10055EA54 /* MAnimalViewModel.m */; };
		CE95C080247CCE320055EA54 /* MAnimalModel.m in Sources */ = {isa = PBXBuildFile; fileRef = CE95C07F247CCE320055EA54 /* MAnimalModel.m */; };
		CEB8AA482191702F0058C8D9 /* ViewModel.m in Sources */ = {isa = PBXBuildFile; fileRef = CEB8AA472191702F0058C8D9 /* ViewModel.m */; };
		CEB8AA4F219177730058C8D9 /* DiskManagementTableViewController.m in Sources */ = {isa = PBXBuildFile; fileRef = CEB8AA4E219177730058C8D9 /* DiskManagementTableViewController.m */; };
		CEB8AA52219177BC0058C8D9 /* DiskManagementModel.m in Sources */ = {isa = PBXBuildFile; fileRef = CEB8AA51219177BC0058C8D9 /* DiskManagementModel.m */; };
		CEB8AA5521917A470058C8D9 /* HPStorageMananger.m in Sources */ = {isa = PBXBuildFile; fileRef = CEB8AA5421917A470058C8D9 /* HPStorageMananger.m */; };
		CEE4C762219AEAFB00C3A8BD /* HPPreviewController.m in Sources */ = {isa = PBXBuildFile; fileRef = CEE4C761219AEAFB00C3A8BD /* HPPreviewController.m */; };
/* End PBXBuildFile section */

/* Begin PBXFileReference section */
		CE391510214609D70019DD5B /* iOSArchitecture.app */ = {isa = PBXFileReference; explicitFileType = wrapper.application; includeInIndex = 0; path = iOSArchitecture.app; sourceTree = BUILT_PRODUCTS_DIR; };
		CE391513214609D70019DD5B /* AppDelegate.h */ = {isa = PBXFileReference; lastKnownFileType = sourcecode.c.h; path = AppDelegate.h; sourceTree = "<group>"; };
		CE391514214609D70019DD5B /* AppDelegate.m */ = {isa = PBXFileReference; lastKnownFileType = sourcecode.c.objc; path = AppDelegate.m; sourceTree = "<group>"; };
		CE391516214609D70019DD5B /* ViewController.h */ = {isa = PBXFileReference; lastKnownFileType = sourcecode.c.h; path = ViewController.h; sourceTree = "<group>"; };
		CE391517214609D70019DD5B /* ViewController.m */ = {isa = PBXFileReference; lastKnownFileType = sourcecode.c.objc; path = ViewController.m; sourceTree = "<group>"; };
		CE39151C214609D90019DD5B /* Assets.xcassets */ = {isa = PBXFileReference; lastKnownFileType = folder.assetcatalog; path = Assets.xcassets; sourceTree = "<group>"; };
		CE39151F214609D90019DD5B /* Base */ = {isa = PBXFileReference; lastKnownFileType = file.storyboard; name = Base; path = Base.lproj/LaunchScreen.storyboard; sourceTree = "<group>"; };
		CE391521214609D90019DD5B /* Info.plist */ = {isa = PBXFileReference; lastKnownFileType = text.plist.xml; path = Info.plist; sourceTree = "<group>"; };
		CE391522214609D90019DD5B /* main.m */ = {isa = PBXFileReference; lastKnownFileType = sourcecode.c.objc; path = main.m; sourceTree = "<group>"; };
		CE39152F214610060019DD5B /* AnimalTableViewController.h */ = {isa = PBXFileReference; lastKnownFileType = sourcecode.c.h; path = AnimalTableViewController.h; sourceTree = "<group>"; };
		CE391530214610060019DD5B /* AnimalTableViewController.m */ = {isa = PBXFileReference; lastKnownFileType = sourcecode.c.objc; path = AnimalTableViewController.m; sourceTree = "<group>"; };
		CE391532214610310019DD5B /* AnimalCell.h */ = {isa = PBXFileReference; lastKnownFileType = sourcecode.c.h; path = AnimalCell.h; sourceTree = "<group>"; };
		CE391533214610310019DD5B /* AnimalCell.m */ = {isa = PBXFileReference; lastKnownFileType = sourcecode.c.objc; path = AnimalCell.m; sourceTree = "<group>"; };
		CE391535214610590019DD5B /* AnimalModel.h */ = {isa = PBXFileReference; lastKnownFileType = sourcecode.c.h; path = AnimalModel.h; sourceTree = "<group>"; };
		CE391536214610590019DD5B /* AnimalModel.m */ = {isa = PBXFileReference; lastKnownFileType = sourcecode.c.objc; path = AnimalModel.m; sourceTree = "<group>"; };
		CE39153B214619A00019DD5B /* AnimalEntity.h */ = {isa = PBXFileReference; lastKnownFileType = sourcecode.c.h; path = AnimalEntity.h; sourceTree = "<group>"; };
		CE39153C214619A00019DD5B /* AnimalEntity.m */ = {isa = PBXFileReference; lastKnownFileType = sourcecode.c.objc; path = AnimalEntity.m; sourceTree = "<group>"; };
		CE8286F8214904B2008F11CD /* MAnimalCell.h */ = {isa = PBXFileReference; lastKnownFileType = sourcecode.c.h; path = MAnimalCell.h; sourceTree = "<group>"; };
		CE8286F9214904B2008F11CD /* MAnimalCell.m */ = {isa = PBXFileReference; lastKnownFileType = sourcecode.c.objc; path = MAnimalCell.m; sourceTree = "<group>"; };
		CE8286FB21490506008F11CD /* MAnimalsViewModel.h */ = {isa = PBXFileReference; lastKnownFileType = sourcecode.c.h; path = MAnimalsViewModel.h; sourceTree = "<group>"; };
		CE8286FC21490506008F11CD /* MAnimalsViewModel.m */ = {isa = PBXFileReference; lastKnownFileType = sourcecode.c.objc; path = MAnimalsViewModel.m; sourceTree = "<group>"; };
		CE8286FE21490527008F11CD /* MAnimalsModel.h */ = {isa = PBXFileReference; lastKnownFileType = sourcecode.c.h; path = MAnimalsModel.h; sourceTree = "<group>"; };
		CE8286FF21490527008F11CD /* MAnimalsModel.m */ = {isa = PBXFileReference; lastKnownFileType = sourcecode.c.objc; path = MAnimalsModel.m; sourceTree = "<group>"; };
		CE828704214909AD008F11CD /* MAnimalsViewController.h */ = {isa = PBXFileReference; lastKnownFileType = sourcecode.c.h; path = MAnimalsViewController.h; sourceTree = "<group>"; };
		CE828705214909AD008F11CD /* MAnimalsViewController.m */ = {isa = PBXFileReference; lastKnownFileType = sourcecode.c.objc; path = MAnimalsViewController.m; sourceTree = "<group>"; };
		CE828707214909DE008F11CD /* MAnimalTableView.h */ = {isa = PBXFileReference; lastKnownFileType = sourcecode.c.h; path = MAnimalTableView.h; sourceTree = "<group>"; };
		CE828708214909DE008F11CD /* MAnimalTableView.m */ = {isa = PBXFileReference; lastKnownFileType = sourcecode.c.objc; path = MAnimalTableView.m; sourceTree = "<group>"; };
		CE828712214A13E5008F11CD /* jsonString.json */ = {isa = PBXFileReference; fileEncoding = 4; lastKnownFileType = text.json; path = jsonString.json; sourceTree = "<group>"; };
		CE828718214B9C96008F11CD /* animal.json */ = {isa = PBXFileReference; fileEncoding = 4; lastKnownFileType = text.json; path = animal.json; sourceTree = "<group>"; };
		CE95C07B247CCCB10055EA54 /* MAnimalViewModel.h */ = {isa = PBXFileReference; lastKnownFileType = sourcecode.c.h; path = MAnimalViewModel.h; sourceTree = "<group>"; };
		CE95C07C247CCCB10055EA54 /* MAnimalViewModel.m */ = {isa = PBXFileReference; lastKnownFileType = sourcecode.c.objc; path = MAnimalViewModel.m; sourceTree = "<group>"; };
		CE95C07E247CCE320055EA54 /* MAnimalModel.h */ = {isa = PBXFileReference; lastKnownFileType = sourcecode.c.h; path = MAnimalModel.h; sourceTree = "<group>"; };
		CE95C07F247CCE320055EA54 /* MAnimalModel.m */ = {isa = PBXFileReference; lastKnownFileType = sourcecode.c.objc; path = MAnimalModel.m; sourceTree = "<group>"; };
		CEB8AA462191702F0058C8D9 /* ViewModel.h */ = {isa = PBXFileReference; lastKnownFileType = sourcecode.c.h; path = ViewModel.h; sourceTree = "<group>"; };
		CEB8AA472191702F0058C8D9 /* ViewModel.m */ = {isa = PBXFileReference; lastKnownFileType = sourcecode.c.objc; path = ViewModel.m; sourceTree = "<group>"; };
		CEB8AA4D219177730058C8D9 /* DiskManagementTableViewController.h */ = {isa = PBXFileReference; lastKnownFileType = sourcecode.c.h; path = DiskManagementTableViewController.h; sourceTree = "<group>"; };
		CEB8AA4E219177730058C8D9 /* DiskManagementTableViewController.m */ = {isa = PBXFileReference; lastKnownFileType = sourcecode.c.objc; path = DiskManagementTableViewController.m; sourceTree = "<group>"; };
		CEB8AA50219177BC0058C8D9 /* DiskManagementModel.h */ = {isa = PBXFileReference; lastKnownFileType = sourcecode.c.h; path = DiskManagementModel.h; sourceTree = "<group>"; };
		CEB8AA51219177BC0058C8D9 /* DiskManagementModel.m */ = {isa = PBXFileReference; lastKnownFileType = sourcecode.c.objc; path = DiskManagementModel.m; sourceTree = "<group>"; };
		CEB8AA5321917A470058C8D9 /* HPStorageMananger.h */ = {isa = PBXFileReference; lastKnownFileType = sourcecode.c.h; path = HPStorageMananger.h; sourceTree = "<group>"; };
		CEB8AA5421917A470058C8D9 /* HPStorageMananger.m */ = {isa = PBXFileReference; lastKnownFileType = sourcecode.c.objc; path = HPStorageMananger.m; sourceTree = "<group>"; };
		CEE4C760219AEAFB00C3A8BD /* HPPreviewController.h */ = {isa = PBXFileReference; lastKnownFileType = sourcecode.c.h; path = HPPreviewController.h; sourceTree = "<group>"; };
		CEE4C761219AEAFB00C3A8BD /* HPPreviewController.m */ = {isa = PBXFileReference; lastKnownFileType = sourcecode.c.objc; path = HPPreviewController.m; sourceTree = "<group>"; };
/* End PBXFileReference section */

/* Begin PBXFrameworksBuildPhase section */
		CE39150D214609D70019DD5B /* Frameworks */ = {
			isa = PBXFrameworksBuildPhase;
			buildActionMask = 2147483647;
			files = (
			);
			runOnlyForDeploymentPostprocessing = 0;
		};
/* End PBXFrameworksBuildPhase section */

/* Begin PBXGroup section */
		CE391507214609D70019DD5B = {
			isa = PBXGroup;
			children = (
				CE391512214609D70019DD5B /* iOSArchitecture */,
				CE391511214609D70019DD5B /* Products */,
			);
			sourceTree = "<group>";
		};
		CE391511214609D70019DD5B /* Products */ = {
			isa = PBXGroup;
			children = (
				CE391510214609D70019DD5B /* iOSArchitecture.app */,
			);
			name = Products;
			sourceTree = "<group>";
		};
		CE391512214609D70019DD5B /* iOSArchitecture */ = {
			isa = PBXGroup;
			children = (
				CE391513214609D70019DD5B /* AppDelegate.h */,
				CE391514214609D70019DD5B /* AppDelegate.m */,
				CE391516214609D70019DD5B /* ViewController.h */,
				CE391517214609D70019DD5B /* ViewController.m */,
				CEB8AA462191702F0058C8D9 /* ViewModel.h */,
				CEB8AA472191702F0058C8D9 /* ViewModel.m */,
				CE39152C21460F770019DD5B /* MVC */,
				CE39152D21460F820019DD5B /* MVVM */,
				CEB8AA4A2191730B0058C8D9 /* MVP */,
				CEB8AA4B219173180058C8D9 /* VIPER */,
				CEE4C75F219AEA5900C3A8BD /* Preview */,
				CEB8AA4C219173220058C8D9 /* DiskManagement */,
				CE39151C214609D90019DD5B /* Assets.xcassets */,
				CE39151E214609D90019DD5B /* LaunchScreen.storyboard */,
				CE391521214609D90019DD5B /* Info.plist */,
				CE391522214609D90019DD5B /* main.m */,
			);
			path = iOSArchitecture;
			sourceTree = "<group>";
		};
		CE39152C21460F770019DD5B /* MVC */ = {
			isa = PBXGroup;
			children = (
				CE39152F214610060019DD5B /* AnimalTableViewController.h */,
				CE391530214610060019DD5B /* AnimalTableViewController.m */,
				CE82870E21490ABC008F11CD /* Model */,
				CE82870D21490AAF008F11CD /* View */,
			);
			path = MVC;
			sourceTree = "<group>";
		};
		CE39152D21460F820019DD5B /* MVVM */ = {
			isa = PBXGroup;
			children = (
				CE828704214909AD008F11CD /* MAnimalsViewController.h */,
				CE828705214909AD008F11CD /* MAnimalsViewController.m */,
				CE82870C21490A3E008F11CD /* Model */,
				CE82870B21490A35008F11CD /* ViewModel */,
				CE82870A21490A21008F11CD /* View */,
			);
			path = MVVM;
			sourceTree = "<group>";
		};
		CE82870A21490A21008F11CD /* View */ = {
			isa = PBXGroup;
			children = (
				CE828707214909DE008F11CD /* MAnimalTableView.h */,
				CE828708214909DE008F11CD /* MAnimalTableView.m */,
				CE8286F8214904B2008F11CD /* MAnimalCell.h */,
				CE8286F9214904B2008F11CD /* MAnimalCell.m */,
			);
			path = View;
			sourceTree = "<group>";
		};
		CE82870B21490A35008F11CD /* ViewModel */ = {
			isa = PBXGroup;
			children = (
				CE8286FB21490506008F11CD /* MAnimalsViewModel.h */,
				CE8286FC21490506008F11CD /* MAnimalsViewModel.m */,
				CE95C07B247CCCB10055EA54 /* MAnimalViewModel.h */,
				CE95C07C247CCCB10055EA54 /* MAnimalViewModel.m */,
			);
			path = ViewModel;
			sourceTree = "<group>";
		};
		CE82870C21490A3E008F11CD /* Model */ = {
			isa = PBXGroup;
			children = (
				CE828712214A13E5008F11CD /* jsonString.json */,
				CE8286FE21490527008F11CD /* MAnimalsModel.h */,
				CE8286FF21490527008F11CD /* MAnimalsModel.m */,
				CE95C07E247CCE320055EA54 /* MAnimalModel.h */,
				CE95C07F247CCE320055EA54 /* MAnimalModel.m */,
			);
			path = Model;
			sourceTree = "<group>";
		};
		CE82870D21490AAF008F11CD /* View */ = {
			isa = PBXGroup;
			children = (
				CE391532214610310019DD5B /* AnimalCell.h */,
				CE391533214610310019DD5B /* AnimalCell.m */,
			);
			path = View;
			sourceTree = "<group>";
		};
		CE82870E21490ABC008F11CD /* Model */ = {
			isa = PBXGroup;
			children = (
				CE828718214B9C96008F11CD /* animal.json */,
				CE391535214610590019DD5B /* AnimalModel.h */,
				CE391536214610590019DD5B /* AnimalModel.m */,
				CE39153B214619A00019DD5B /* AnimalEntity.h */,
				CE39153C214619A00019DD5B /* AnimalEntity.m */,
			);
			path = Model;
			sourceTree = "<group>";
		};
		CEB8AA4A2191730B0058C8D9 /* MVP */ = {
			isa = PBXGroup;
			children = (
			);
			path = MVP;
			sourceTree = "<group>";
		};
		CEB8AA4B219173180058C8D9 /* VIPER */ = {
			isa = PBXGroup;
			children = (
			);
			path = VIPER;
			sourceTree = "<group>";
		};
		CEB8AA4C219173220058C8D9 /* DiskManagement */ = {
			isa = PBXGroup;
			children = (
				CEB8AA4D219177730058C8D9 /* DiskManagementTableViewController.h */,
				CEB8AA4E219177730058C8D9 /* DiskManagementTableViewController.m */,
				CEB8AA50219177BC0058C8D9 /* DiskManagementModel.h */,
				CEB8AA51219177BC0058C8D9 /* DiskManagementModel.m */,
				CEB8AA5321917A470058C8D9 /* HPStorageMananger.h */,
				CEB8AA5421917A470058C8D9 /* HPStorageMananger.m */,
			);
			path = DiskManagement;
			sourceTree = "<group>";
		};
		CEE4C75F219AEA5900C3A8BD /* Preview */ = {
			isa = PBXGroup;
			children = (
				CEE4C760219AEAFB00C3A8BD /* HPPreviewController.h */,
				CEE4C761219AEAFB00C3A8BD /* HPPreviewController.m */,
			);
			path = Preview;
			sourceTree = "<group>";
		};
/* End PBXGroup section */

/* Begin PBXNativeTarget section */
		CE39150F214609D70019DD5B /* iOSArchitecture */ = {
			isa = PBXNativeTarget;
			buildConfigurationList = CE391526214609D90019DD5B /* Build configuration list for PBXNativeTarget "iOSArchitecture" */;
			buildPhases = (
				CE39150C214609D70019DD5B /* Sources */,
				CE39150D214609D70019DD5B /* Frameworks */,
				CE39150E214609D70019DD5B /* Resources */,
			);
			buildRules = (
			);
			dependencies = (
			);
			name = iOSArchitecture;
			productName = iOSArchitecture;
			productReference = CE391510214609D70019DD5B /* iOSArchitecture.app */;
			productType = "com.apple.product-type.application";
		};
/* End PBXNativeTarget section */

/* Begin PBXProject section */
		CE391508214609D70019DD5B /* Project object */ = {
			isa = PBXProject;
			attributes = {
				LastUpgradeCheck = 0940;
				ORGANIZATIONNAME = peace;
				TargetAttributes = {
					CE39150F214609D70019DD5B = {
						CreatedOnToolsVersion = 9.4.1;
					};
				};
			};
			buildConfigurationList = CE39150B214609D70019DD5B /* Build configuration list for PBXProject "iOSArchitecture" */;
			compatibilityVersion = "Xcode 9.3";
			developmentRegion = en;
			hasScannedForEncodings = 0;
			knownRegions = (
				en,
				Base,
			);
			mainGroup = CE391507214609D70019DD5B;
			productRefGroup = CE391511214609D70019DD5B /* Products */;
			projectDirPath = "";
			projectRoot = "";
			targets = (
				CE39150F214609D70019DD5B /* iOSArchitecture */,
			);
		};
/* End PBXProject section */

/* Begin PBXResourcesBuildPhase section */
		CE39150E214609D70019DD5B /* Resources */ = {
			isa = PBXResourcesBuildPhase;
			buildActionMask = 2147483647;
			files = (
				CE828713214A13E5008F11CD /* jsonString.json in Resources */,
				CE828719214B9C96008F11CD /* animal.json in Resources */,
				CE391520214609D90019DD5B /* LaunchScreen.storyboard in Resources */,
				CE39151D214609D90019DD5B /* Assets.xcassets in Resources */,
			);
			runOnlyForDeploymentPostprocessing = 0;
		};
/* End PBXResourcesBuildPhase section */

/* Begin PBXSourcesBuildPhase section */
		CE39150C214609D70019DD5B /* Sources */ = {
			isa = PBXSourcesBuildPhase;
			buildActionMask = 2147483647;
			files = (
				CE8286FD21490506008F11CD /* MAnimalsViewModel.m in Sources */,
				CE39153D214619A00019DD5B /* AnimalEntity.m in Sources */,
				CEB8AA482191702F0058C8D9 /* ViewModel.m in Sources */,
				CE391518214609D70019DD5B /* ViewController.m in Sources */,
				CE82870021490527008F11CD /* MAnimalsModel.m in Sources */,
				CE828706214909AD008F11CD /* MAnimalsViewController.m in Sources */,
				CEE4C762219AEAFB00C3A8BD /* HPPreviewController.m in Sources */,
				CE828709214909DE008F11CD /* MAnimalTableView.m in Sources */,
				CE95C080247CCE320055EA54 /* MAnimalModel.m in Sources */,
				CE391537214610590019DD5B /* AnimalModel.m in Sources */,
				CE391523214609D90019DD5B /* main.m in Sources */,
				CE391515214609D70019DD5B /* AppDelegate.m in Sources */,
				CE391531214610060019DD5B /* AnimalTableViewController.m in Sources */,
				CE391534214610310019DD5B /* AnimalCell.m in Sources */,
				CEB8AA5521917A470058C8D9 /* HPStorageMananger.m in Sources */,
				CEB8AA4F219177730058C8D9 /* DiskManagementTableViewController.m in Sources */,
				CE95C07D247CCCB10055EA54 /* MAnimalViewModel.m in Sources */,
				CE8286FA214904B2008F11CD /* MAnimalCell.m in Sources */,
				CEB8AA52219177BC0058C8D9 /* DiskManagementModel.m in Sources */,
			);
			runOnlyForDeploymentPostprocessing = 0;
		};
/* End PBXSourcesBuildPhase section */

/* Begin PBXVariantGroup section */
		CE39151E214609D90019DD5B /* LaunchScreen.storyboard */ = {
			isa = PBXVariantGroup;
			children = (
				CE39151F214609D90019DD5B /* Base */,
			);
			name = LaunchScreen.storyboard;
			sourceTree = "<group>";
		};
/* End PBXVariantGroup section */

/* Begin XCBuildConfiguration section */
		CE391524214609D90019DD5B /* Debug */ = {
			isa = XCBuildConfiguration;
			buildSettings = {
				ALWAYS_SEARCH_USER_PATHS = NO;
				CLANG_ANALYZER_NONNULL = YES;
				CLANG_ANALYZER_NUMBER_OBJECT_CONVERSION = YES_AGGRESSIVE;
				CLANG_CXX_LANGUAGE_STANDARD = "gnu++14";
				CLANG_CXX_LIBRARY = "libc++";
				CLANG_ENABLE_MODULES = YES;
				CLANG_ENABLE_OBJC_ARC = YES;
				CLANG_ENABLE_OBJC_WEAK = YES;
				CLANG_WARN_BLOCK_CAPTURE_AUTORELEASING = YES;
				CLANG_WARN_BOOL_CONVERSION = YES;
				CLANG_WARN_COMMA = YES;
				CLANG_WARN_CONSTANT_CONVERSION = YES;
				CLANG_WARN_DEPRECATED_OBJC_IMPLEMENTATIONS = YES;
				CLANG_WARN_DIRECT_OBJC_ISA_USAGE = YES_ERROR;
				CLANG_WARN_DOCUMENTATION_COMMENTS = YES;
				CLANG_WARN_EMPTY_BODY = YES;
				CLANG_WARN_ENUM_CONVERSION = YES;
				CLANG_WARN_INFINITE_RECURSION = YES;
				CLANG_WARN_INT_CONVERSION = YES;
				CLANG_WARN_NON_LITERAL_NULL_CONVERSION = YES;
				CLANG_WARN_OBJC_IMPLICIT_RETAIN_SELF = YES;
				CLANG_WARN_OBJC_LITERAL_CONVERSION = YES;
				CLANG_WARN_OBJC_ROOT_CLASS = YES_ERROR;
				CLANG_WARN_RANGE_LOOP_ANALYSIS = YES;
				CLANG_WARN_STRICT_PROTOTYPES = YES;
				CLANG_WARN_SUSPICIOUS_MOVE = YES;
				CLANG_WARN_UNGUARDED_AVAILABILITY = YES_AGGRESSIVE;
				CLANG_WARN_UNREACHABLE_CODE = YES;
				CLANG_WARN__DUPLICATE_METHOD_MATCH = YES;
				CODE_SIGN_IDENTITY = "iPhone Developer";
				COPY_PHASE_STRIP = NO;
				DEBUG_INFORMATION_FORMAT = dwarf;
				ENABLE_STRICT_OBJC_MSGSEND = YES;
				ENABLE_TESTABILITY = YES;
				GCC_C_LANGUAGE_STANDARD = gnu11;
				GCC_DYNAMIC_NO_PIC = NO;
				GCC_NO_COMMON_BLOCKS = YES;
				GCC_OPTIMIZATION_LEVEL = 0;
				GCC_PREPROCESSOR_DEFINITIONS = (
					"DEBUG=1",
					"$(inherited)",
				);
				GCC_WARN_64_TO_32_BIT_CONVERSION = YES;
				GCC_WARN_ABOUT_RETURN_TYPE = YES_ERROR;
				GCC_WARN_UNDECLARED_SELECTOR = YES;
				GCC_WARN_UNINITIALIZED_AUTOS = YES_AGGRESSIVE;
				GCC_WARN_UNUSED_FUNCTION = YES;
				GCC_WARN_UNUSED_VARIABLE = YES;
				IPHONEOS_DEPLOYMENT_TARGET = 11.4;
				MTL_ENABLE_DEBUG_INFO = YES;
				ONLY_ACTIVE_ARCH = YES;
				SDKROOT = iphoneos;
			};
			name = Debug;
		};
		CE391525214609D90019DD5B /* Release */ = {
			isa = XCBuildConfiguration;
			buildSettings = {
				ALWAYS_SEARCH_USER_PATHS = NO;
				CLANG_ANALYZER_NONNULL = YES;
				CLANG_ANALYZER_NUMBER_OBJECT_CONVERSION = YES_AGGRESSIVE;
				CLANG_CXX_LANGUAGE_STANDARD = "gnu++14";
				CLANG_CXX_LIBRARY = "libc++";
				CLANG_ENABLE_MODULES = YES;
				CLANG_ENABLE_OBJC_ARC = YES;
				CLANG_ENABLE_OBJC_WEAK = YES;
				CLANG_WARN_BLOCK_CAPTURE_AUTORELEASING = YES;
				CLANG_WARN_BOOL_CONVERSION = YES;
				CLANG_WARN_COMMA = YES;
				CLANG_WARN_CONSTANT_CONVERSION = YES;
				CLANG_WARN_DEPRECATED_OBJC_IMPLEMENTATIONS = YES;
				CLANG_WARN_DIRECT_OBJC_ISA_USAGE = YES_ERROR;
				CLANG_WARN_DOCUMENTATION_COMMENTS = YES;
				CLANG_WARN_EMPTY_BODY = YES;
				CLANG_WARN_ENUM_CONVERSION = YES;
				CLANG_WARN_INFINITE_RECURSION = YES;
				CLANG_WARN_INT_CONVERSION = YES;
				CLANG_WARN_NON_LITERAL_NULL_CONVERSION = YES;
				CLANG_WARN_OBJC_IMPLICIT_RETAIN_SELF = YES;
				CLANG_WARN_OBJC_LITERAL_CONVERSION = YES;
				CLANG_WARN_OBJC_ROOT_CLASS = YES_ERROR;
				CLANG_WARN_RANGE_LOOP_ANALYSIS = YES;
				CLANG_WARN_STRICT_PROTOTYPES = YES;
				CLANG_WARN_SUSPICIOUS_MOVE = YES;
				CLANG_WARN_UNGUARDED_AVAILABILITY = YES_AGGRESSIVE;
				CLANG_WARN_UNREACHABLE_CODE = YES;
				CLANG_WARN__DUPLICATE_METHOD_MATCH = YES;
				CODE_SIGN_IDENTITY = "iPhone Developer";
				COPY_PHASE_STRIP = NO;
				DEBUG_INFORMATION_FORMAT = "dwarf-with-dsym";
				ENABLE_NS_ASSERTIONS = NO;
				ENABLE_STRICT_OBJC_MSGSEND = YES;
				GCC_C_LANGUAGE_STANDARD = gnu11;
				GCC_NO_COMMON_BLOCKS = YES;
				GCC_WARN_64_TO_32_BIT_CONVERSION = YES;
				GCC_WARN_ABOUT_RETURN_TYPE = YES_ERROR;
				GCC_WARN_UNDECLARED_SELECTOR = YES;
				GCC_WARN_UNINITIALIZED_AUTOS = YES_AGGRESSIVE;
				GCC_WARN_UNUSED_FUNCTION = YES;
				GCC_WARN_UNUSED_VARIABLE = YES;
				IPHONEOS_DEPLOYMENT_TARGET = 11.4;
				MTL_ENABLE_DEBUG_INFO = NO;
				SDKROOT = iphoneos;
				VALIDATE_PRODUCT = YES;
			};
			name = Release;
		};
		CE391527214609D90019DD5B /* Debug */ = {
			isa = XCBuildConfiguration;
			buildSettings = {
				ASSETCATALOG_COMPILER_APPICON_NAME = AppIcon;
				CODE_SIGN_STYLE = Automatic;
				INFOPLIST_FILE = iOSArchitecture/Info.plist;
				LD_RUNPATH_SEARCH_PATHS = (
					"$(inherited)",
					"@executable_path/Frameworks",
				);
				PRODUCT_BUNDLE_IDENTIFIER = com.MailTest.iOSArchitecture;
				PRODUCT_NAME = "$(TARGET_NAME)";
				TARGETED_DEVICE_FAMILY = "1,2";
			};
			name = Debug;
		};
		CE391528214609D90019DD5B /* Release */ = {
			isa = XCBuildConfiguration;
			buildSettings = {
				ASSETCATALOG_COMPILER_APPICON_NAME = AppIcon;
				CODE_SIGN_STYLE = Automatic;
				INFOPLIST_FILE = iOSArchitecture/Info.plist;
				LD_RUNPATH_SEARCH_PATHS = (
					"$(inherited)",
					"@executable_path/Frameworks",
				);
				PRODUCT_BUNDLE_IDENTIFIER = com.MailTest.iOSArchitecture;
				PRODUCT_NAME = "$(TARGET_NAME)";
				TARGETED_DEVICE_FAMILY = "1,2";
			};
			name = Release;
		};
/* End XCBuildConfiguration section */

/* Begin XCConfigurationList section */
		CE39150B214609D70019DD5B /* Build configuration list for PBXProject "iOSArchitecture" */ = {
			isa = XCConfigurationList;
			buildConfigurations = (
				CE391524214609D90019DD5B /* Debug */,
				CE391525214609D90019DD5B /* Release */,
			);
			defaultConfigurationIsVisible = 0;
			defaultConfigurationName = Release;
		};
		CE391526214609D90019DD5B /* Build configuration list for PBXNativeTarget "iOSArchitecture" */ = {
			isa = XCConfigurationList;
			buildConfigurations = (
				CE391527214609D90019DD5B /* Debug */,
				CE391528214609D90019DD5B /* Release */,
			);
			defaultConfigurationIsVisible = 0;
			defaultConfigurationName = Release;
		};
/* End XCConfigurationList section */
	};
	rootObject = CE391508214609D70019DD5B /* Project object */;
}
